# This file is @generated by PDM.
# It is not intended for manual editing.

[metadata]
groups = ["default"]
strategy = ["inherit_metadata"]
lock_version = "4.5.0"
content_hash = "sha256:2f23d9f6d12a16ce7400871a8237e60a5204579d0642190b35cea0a807a79868"

[[metadata.targets]]
requires_python = ">=3.12"

[[package]]
name = "dbus-python"
version = "1.3.2"
requires_python = ">=3.7"
summary = "Python bindings for libdbus"
groups = ["default"]
files = [
    {file = "dbus-python-1.3.2.tar.gz", hash = "sha256:ad67819308618b5069537be237f8e68ca1c7fcc95ee4a121fe6845b1418248f8"},
]

[[package]]
name = "plyer"
version = "2.1.0"
summary = "Platform-independent wrapper for platform-dependent APIs"
groups = ["default"]
files = [
    {file = "plyer-2.1.0-py2.py3-none-any.whl", hash = "sha256:1b1772060df8b3045ed4f08231690ec8f7de30f5a004aa1724665a9074eed113"},
    {file = "plyer-2.1.0.tar.gz", hash = "sha256:65b7dfb7e11e07af37a8487eb2aa69524276ef70dad500b07228ce64736baa61"},
]
